{
  "lockfile_version": "1",
  "packages": {
    "github:NixOS/nixpkgs/nixpkgs-unstable": {
      "last_modified": "2026-06-16T10:57:20Z",
      "resolved": "github:NixOS/nixpkgs/3e41b24abd260e8f71dbe2f5737d24122f972158?lastModified=1781607440&narHash=sha256-rxO%2Buc%2FKFbSJp%2BpgyXRuAX6QlG9hJdnt0BXpEQRXY%2BU%3D"
    },
    "nodejs@20.11.0": {
      "last_modified": "2024-02-10T18:15:24Z",
      "plugin_version": "0.0.3",
      "resolved": "github:NixOS/nixpkgs/10b813040df67c4039086db0f6eaf65c536886c6#nodejs_20",
      "source": "devbox-search",
      "version": "20.11.0",
      "systems": {
        "aarch64-darwin": {
          "outputs": [
            {
              "name": "out",
              "path": "/nix/store/yxjxfg053nbr6rqzcicifsvzab8aa072-nodejs-20.11.0",
              "default": true
            },
            {
              "name": "libv8",
              "path": "/nix/store/90n96f58s8rayjqadfmw0gavc06gky67-nodejs-20.11.0-libv8"
            }
          ],
          "store_path": "/nix/store/yxjxfg053nbr6rqzcicifsvzab8aa072-nodejs-20.11.0"
        },
        "aarch64-linux": {
          "outputs": [
            {
              "name": "out",
              "path": "/nix/store/h1m0fzcyr6z2k8bd0xh2lsh2fsl755qg-nodejs-20.11.0",
              "default": true
            },
            {
              "name": "libv8",
              "path": "/nix/store/7c6m6jhjsfcz7j0hyhr4032fy5s6a3m9-nodejs-20.11.0-libv8"
            }
          ],
          "store_path": "/nix/store/h1m0fzcyr6z2k8bd0xh2lsh2fsl755qg-nodejs-20.11.0"
        },
        "x86_64-darwin": {
          "outputs": [
            {
              "name": "out",
              "path": "/nix/store/3pj6w808qk7w70bx13xjpzzc9mylkwj9-nodejs-20.11.0",
              "default": true
            },
            {
              "name": "libv8",
              "path": "/nix/store/nwyf7mgdigp45gx7rpkwx74jbpgxsvxb-nodejs-20.11.0-libv8"
            }
          ],
          "store_path": "/nix/store/3pj6w808qk7w70bx13xjpzzc9mylkwj9-nodejs-20.11.0"
        },
        "x86_64-linux": {
          "outputs": [
            {
              "name": "out",
              "path": "/nix/store/q5akp9kqri454q5d2bcp6fphj3k0xsdf-nodejs-20.11.0",
              "default": true
            },
            {
              "name": "libv8",
              "path": "/nix/store/89w4hkvsrhaclc7qisqjjrsajgdk78ib-nodejs-20.11.0-libv8"
            }
          ],
          "store_path": "/nix/store/q5akp9kqri454q5d2bcp6fphj3k0xsdf-nodejs-20.11.0"
        }
      }
    }
  }
}
